
Microsoft Visual Studio Solution File, Format Version 12.00
# Visual Studio Version 16
VisualStudioVersion = 16.0.32929.386
MinimumVisualStudioVersion = 10.0.40219.1
Project("{9A19103F-16F7-4668-BE54-9A1E7A4F7556}") = "eShopSolution.WebApp", "eShopSolution.WebApp\eShopSolution.WebApp.csproj", "{B9857274-788C-4082-8E0C-CD8333D1D4C5}"
EndProject
Project("{9A19103F-16F7-4668-BE54-9A1E7A4F7556}") = "eShopSolution.Data", "eShopSolution.Data\eShopSolution.Data.csproj", "{00054124-975B-4B32-B4C9-DA2CF9A6897D}"
EndProject
Project("{9A19103F-16F7-4668-BE54-9A1E7A4F7556}") = "eShopSolution.Application", "eShopSolution.Application\eShopSolution.Application.csproj", "{18F12E11-6189-46E5-9C0A-9AE8A71A9A1A}"
EndProject
Project("{FAE04EC0-301F-11D3-BF4B-00C04F79EFBC}") = "eShopSolution.ViewModels", "eShopSolution.ViewModels\eShopSolution.ViewModels.csproj", "{4C6BC50C-EAA5-4B1F-9CEE-B9224D4C8E1A}"
EndProject
Project("{FAE04EC0-301F-11D3-BF4B-00C04F79EFBC}") = "eShopSolution.Utilities", "eShopSolution.Utilities\eShopSolution.Utilities.csproj", "{C7DDF2B7-CC15-4927-96DA-18B4D913A117}"
EndProject
Global
	GlobalSection(SolutionConfigurationPlatforms) = preSolution
		Debug|Any CPU = Debug|Any CPU
		Release|Any CPU = Release|Any CPU
	EndGlobalSection
	GlobalSection(ProjectConfigurationPlatforms) = postSolution
		{B9857274-788C-4082-8E0C-CD8333D1D4C5}.Debug|Any CPU.ActiveCfg = Debug|Any CPU
		{B9857274-788C-4082-8E0C-CD8333D1D4C5}.Debug|Any CPU.Build.0 = Debug|Any CPU
		{B9857274-788C-4082-8E0C-CD8333D1D4C5}.Release|Any CPU.ActiveCfg = Release|Any CPU
		{B9857274-788C-4082-8E0C-CD8333D1D4C5}.Release|Any CPU.Build.0 = Release|Any CPU
		{00054124-975B-4B32-B4C9-DA2CF9A6897D}.Debug|Any CPU.ActiveCfg = Debug|Any CPU
		{00054124-975B-4B32-B4C9-DA2CF9A6897D}.Debug|Any CPU.Build.0 = Debug|Any CPU
		{00054124-975B-4B32-B4C9-DA2CF9A6897D}.Release|Any CPU.ActiveCfg = Release|Any CPU
		{00054124-975B-4B32-B4C9-DA2CF9A6897D}.Release|Any CPU.Build.0 = Release|Any CPU
		{18F12E11-6189-46E5-9C0A-9AE8A71A9A1A}.Debug|Any CPU.ActiveCfg = Debug|Any CPU
		{18F12E11-6189-46E5-9C0A-9AE8A71A9A1A}.Debug|Any CPU.Build.0 = Debug|Any CPU
		{18F12E11-6189-46E5-9C0A-9AE8A71A9A1A}.Release|Any CPU.ActiveCfg = Release|Any CPU
		{18F12E11-6189-46E5-9C0A-9AE8A71A9A1A}.Release|Any CPU.Build.0 = Release|Any CPU
		{4C6BC50C-EAA5-4B1F-9CEE-B9224D4C8E1A}.Debug|Any CPU.ActiveCfg = Debug|Any CPU
		{4C6BC50C-EAA5-4B1F-9CEE-B9224D4C8E1A}.Debug|Any CPU.Build.0 = Debug|Any CPU
		{4C6BC50C-EAA5-4B1F-9CEE-B9224D4C8E1A}.Release|Any CPU.ActiveCfg = Release|Any CPU
		{4C6BC50C-EAA5-4B1F-9CEE-B9224D4C8E1A}.Release|Any CPU.Build.0 = Release|Any CPU
		{C7DDF2B7-CC15-4927-96DA-18B4D913A117}.Debug|Any CPU.ActiveCfg = Debug|Any CPU
		{C7DDF2B7-CC15-4927-96DA-18B4D913A117}.Debug|Any CPU.Build.0 = Debug|Any CPU
		{C7DDF2B7-CC15-4927-96DA-18B4D913A117}.Release|Any CPU.ActiveCfg = Release|Any CPU
		{C7DDF2B7-CC15-4927-96DA-18B4D913A117}.Release|Any CPU.Build.0 = Release|Any CPU
	EndGlobalSection
	GlobalSection(SolutionProperties) = preSolution
		HideSolutionNode = FALSE
	EndGlobalSection
	GlobalSection(ExtensibilityGlobals) = postSolution
		SolutionGuid = {F9D571B7-651B-4AD1-9AEC-F170B768D136}
	EndGlobalSection
EndGlobal
